
Microsoft Visual Studio Solution File, Format Version 12.00
# Visual Studio Version 17
VisualStudioVersion = 17.9.34728.123
MinimumVisualStudioVersion = 10.0.40219.1
Project("{FAE04EC0-301F-11D3-BF4B-00C04F79EFBC}") = "KykCamasirhaneSistemi", "KykCamasirhaneSistemi\KykCamasirhaneSistemi.csproj", "{EB21AF09-2DB4-4325-BB1B-5452CA91C1D4}"
EndProject
Global
	GlobalSection(SolutionConfigurationPlatforms) = preSolution
		Debug|Any CPU = Debug|Any CPU
		Release|Any CPU = Release|Any CPU
	EndGlobalSection
	GlobalSection(ProjectConfigurationPlatforms) = postSolution
		{EB21AF09-2DB4-4325-BB1B-5452CA91C1D4}.Debug|Any CPU.ActiveCfg = Debug|Any CPU
		{EB21AF09-2DB4-4325-BB1B-5452CA91C1D4}.Debug|Any CPU.Build.0 = Debug|Any CPU
		{EB21AF09-2DB4-4325-BB1B-5452CA91C1D4}.Release|Any CPU.ActiveCfg = Release|Any CPU
		{EB21AF09-2DB4-4325-BB1B-5452CA91C1D4}.Release|Any CPU.Build.0 = Release|Any CPU
	EndGlobalSection
	GlobalSection(SolutionProperties) = preSolution
		HideSolutionNode = FALSE
	EndGlobalSection
	GlobalSection(ExtensibilityGlobals) = postSolution
		SolutionGuid = {DB586D1C-8FC6-424B-9F82-C3C041C2E1F8}
	EndGlobalSection
EndGlobal
